
Microsoft Visual Studio Solution File, Format Version 12.00
# Visual Studio Version 16
VisualStudioVersion = 16.0.29905.134
MinimumVisualStudioVersion = 10.0.40219.1
Project("{8BC9CEB8-8B4A-11D0-8D11-00A0C91BC942}") = "DInput8Proxy", "DInput8Proxy.vcxproj", "{9961BCC7-BD37-4515-8A8B-75FF6AD10EAC}"
EndProject
Global
	GlobalSection(SolutionConfigurationPlatforms) = preSolution
		Debug|x64 = Debug|x64
		Debug|x86 = Debug|x86
		Release|x64 = Release|x64
		Release|x86 = Release|x86
	EndGlobalSection
	GlobalSection(ProjectConfigurationPlatforms) = postSolution
		{9961BCC7-BD37-4515-8A8B-75FF6AD10EAC}.Debug|x64.ActiveCfg = Debug|x64
		{9961BCC7-BD37-4515-8A8B-75FF6AD10EAC}.Debug|x64.Build.0 = Debug|x64
		{9961BCC7-BD37-4515-8A8B-75FF6AD10EAC}.Debug|x86.ActiveCfg = Debug|Win32
		{9961BCC7-BD37-4515-8A8B-75FF6AD10EAC}.Debug|x86.Build.0 = Debug|Win32
		{9961BCC7-BD37-4515-8A8B-75FF6AD10EAC}.Release|x64.ActiveCfg = Release|x64
		{9961BCC7-BD37-4515-8A8B-75FF6AD10EAC}.Release|x64.Build.0 = Release|x64
		{9961BCC7-BD37-4515-8A8B-75FF6AD10EAC}.Release|x86.ActiveCfg = Release|Win32
		{9961BCC7-BD37-4515-8A8B-75FF6AD10EAC}.Release|x86.Build.0 = Release|Win32
	EndGlobalSection
	GlobalSection(SolutionProperties) = preSolution
		HideSolutionNode = FALSE
	EndGlobalSection
	GlobalSection(ExtensibilityGlobals) = postSolution
		SolutionGuid = {58792697-9B97-4FAF-A0ED-8E1E7C16759A}
	EndGlobalSection
EndGlobal
